
Microsoft Visual Studio Solution File, Format Version 12.00
# Visual Studio Version 17
VisualStudioVersion = 17.1.32407.343
MinimumVisualStudioVersion = 10.0.40219.1
Project("{FAE04EC0-301F-11D3-BF4B-00C04F79EFBC}") = "KellyCCBackEndEvaluation2", "KellyCCBackEndEvaluation2\KellyCCBackEndEvaluation2.csproj", "{3E9581F8-A1F3-4A14-AFF3-5317D53AF52E}"
EndProject
Project("{FAE04EC0-301F-11D3-BF4B-00C04F79EFBC}") = "HospitalRepository", "HospitalRepository\HospitalRepository.csproj", "{20D19CC1-D9D5-4BDE-97FE-2A779635FB92}"
EndProject
Global
	GlobalSection(SolutionConfigurationPlatforms) = preSolution
		Debug|Any CPU = Debug|Any CPU
		Release|Any CPU = Release|Any CPU
	EndGlobalSection
	GlobalSection(ProjectConfigurationPlatforms) = postSolution
		{3E9581F8-A1F3-4A14-AFF3-5317D53AF52E}.Debug|Any CPU.ActiveCfg = Debug|Any CPU
		{3E9581F8-A1F3-4A14-AFF3-5317D53AF52E}.Debug|Any CPU.Build.0 = Debug|Any CPU
		{3E9581F8-A1F3-4A14-AFF3-5317D53AF52E}.Release|Any CPU.ActiveCfg = Release|Any CPU
		{3E9581F8-A1F3-4A14-AFF3-5317D53AF52E}.Release|Any CPU.Build.0 = Release|Any CPU
		{20D19CC1-D9D5-4BDE-97FE-2A779635FB92}.Debug|Any CPU.ActiveCfg = Debug|Any CPU
		{20D19CC1-D9D5-4BDE-97FE-2A779635FB92}.Debug|Any CPU.Build.0 = Debug|Any CPU
		{20D19CC1-D9D5-4BDE-97FE-2A779635FB92}.Release|Any CPU.ActiveCfg = Release|Any CPU
		{20D19CC1-D9D5-4BDE-97FE-2A779635FB92}.Release|Any CPU.Build.0 = Release|Any CPU
	EndGlobalSection
	GlobalSection(SolutionProperties) = preSolution
		HideSolutionNode = FALSE
	EndGlobalSection
	GlobalSection(ExtensibilityGlobals) = postSolution
		SolutionGuid = {447B77C0-9022-4308-B91C-8F7A9CEE77C6}
	EndGlobalSection
EndGlobal
